
Microsoft Visual Studio Solution File, Format Version 12.00
# Visual Studio Version 17
VisualStudioVersion = 17.5.002.0
MinimumVisualStudioVersion = 10.0.40219.1
Project("{2150E333-8FDC-42A3-9474-1A3956D46DE8}") = "sandbox", "sandbox", "{2C1D5771-7749-4846-AB57-B57287D72045}"
EndProject
Project("{9A19103F-16F7-4668-BE54-9A1E7A4F7556}") = "sandbox_project", "sandbox\sandbox_project\sandbox_project.csproj", "{806E38CC-EF51-426D-8FCB-47843B7B8EDD}"
EndProject
Project("{2150E333-8FDC-42A3-9474-1A3956D46DE8}") = "week01", "week01", "{DCEBE074-B4D0-4F82-B27A-54A9F55707A6}"
EndProject
Project("{9A19103F-16F7-4668-BE54-9A1E7A4F7556}") = "analyze", "week01\analyze\analyze.csproj", "{FD589FA1-25A5-4C74-A98B-4D54FA3416E4}"
EndProject
Project("{9A19103F-16F7-4668-BE54-9A1E7A4F7556}") = "code", "week01\code\code.csproj", "{E5F6572E-8F62-4748-96C4-EB975DEAFF9E}"
EndProject
Project("{9A19103F-16F7-4668-BE54-9A1E7A4F7556}") = "teach", "week01\teach\teach.csproj", "{0E65244B-3040-425B-8B59-E6B366ED30BC}"
EndProject
Project("{2150E333-8FDC-42A3-9474-1A3956D46DE8}") = "week02", "week02", "{4419BEDF-002C-4E49-B647-594BECA5D6BA}"
EndProject
Project("{9A19103F-16F7-4668-BE54-9A1E7A4F7556}") = "analyze", "week02\analyze\analyze.csproj", "{B40EF4E7-3A1D-4381-AD5D-E15F97CF3E65}"
EndProject
Project("{9A19103F-16F7-4668-BE54-9A1E7A4F7556}") = "code", "week02\code\code.csproj", "{CC641567-2809-4320-BF20-EAFF72903CDC}"
EndProject
Project("{9A19103F-16F7-4668-BE54-9A1E7A4F7556}") = "learn", "week02\learn\learn.csproj", "{0F10D2DD-D02B-4AF6-BE4D-5F29E6442BD7}"
EndProject
Project("{9A19103F-16F7-4668-BE54-9A1E7A4F7556}") = "teach", "week02\teach\teach.csproj", "{5B49A60A-C750-484B-BD6B-610D194A9CF7}"
EndProject
Project("{2150E333-8FDC-42A3-9474-1A3956D46DE8}") = "week03", "week03", "{16BC8D73-3D71-4B09-B5CC-F02237C736B7}"
EndProject
Project("{9A19103F-16F7-4668-BE54-9A1E7A4F7556}") = "code", "week03\code\code.csproj", "{96659061-B2E2-4ABC-AA82-1781CBF711AA}"
EndProject
Project("{9A19103F-16F7-4668-BE54-9A1E7A4F7556}") = "learn", "week03\learn\learn.csproj", "{13E731EB-B3BF-493A-AF5D-A9C5CE592AB9}"
EndProject
Project("{9A19103F-16F7-4668-BE54-9A1E7A4F7556}") = "teach", "week03\teach\teach.csproj", "{513F63DF-4307-4496-B5AB-CA3B8FF7C9C1}"
EndProject
Project("{2150E333-8FDC-42A3-9474-1A3956D46DE8}") = "week04", "week04", "{735910B5-34C2-4E30-822A-5655432A6CC2}"
EndProject
Project("{9A19103F-16F7-4668-BE54-9A1E7A4F7556}") = "code", "week04\code\code.csproj", "{7FBD8F47-D5F3-4241-A47E-AD88AAE112E9}"
EndProject
Project("{2150E333-8FDC-42A3-9474-1A3956D46DE8}") = "week05", "week05", "{4BFF7DE2-6749-4207-9823-3FD7CB174AD5}"
EndProject
Project("{9A19103F-16F7-4668-BE54-9A1E7A4F7556}") = "code", "week05\code\code.csproj", "{ED055694-C1B7-49A3-9D74-268C19D3FE16}"
EndProject
Project("{2150E333-8FDC-42A3-9474-1A3956D46DE8}") = "week06", "week06", "{94F60967-2841-4215-AA49-DB50E21A4E2F}"
EndProject
Project("{9A19103F-16F7-4668-BE54-9A1E7A4F7556}") = "code", "week06\code\code.csproj", "{7F22D54A-2519-4527-B249-4D40F344D5F2}"
EndProject
Global
	GlobalSection(SolutionConfigurationPlatforms) = preSolution
		Debug|Any CPU = Debug|Any CPU
		Release|Any CPU = Release|Any CPU
	EndGlobalSection
	GlobalSection(ProjectConfigurationPlatforms) = postSolution
		{806E38CC-EF51-426D-8FCB-47843B7B8EDD}.Debug|Any CPU.ActiveCfg = Debug|Any CPU
		{806E38CC-EF51-426D-8FCB-47843B7B8EDD}.Debug|Any CPU.Build.0 = Debug|Any CPU
		{806E38CC-EF51-426D-8FCB-47843B7B8EDD}.Release|Any CPU.ActiveCfg = Release|Any CPU
		{806E38CC-EF51-426D-8FCB-47843B7B8EDD}.Release|Any CPU.Build.0 = Release|Any CPU
		{FD589FA1-25A5-4C74-A98B-4D54FA3416E4}.Debug|Any CPU.ActiveCfg = Debug|Any CPU
		{FD589FA1-25A5-4C74-A98B-4D54FA3416E4}.Debug|Any CPU.Build.0 = Debug|Any CPU
		{FD589FA1-25A5-4C74-A98B-4D54FA3416E4}.Release|Any CPU.ActiveCfg = Release|Any CPU
		{FD589FA1-25A5-4C74-A98B-4D54FA3416E4}.Release|Any CPU.Build.0 = Release|Any CPU
		{E5F6572E-8F62-4748-96C4-EB975DEAFF9E}.Debug|Any CPU.ActiveCfg = Debug|Any CPU
		{E5F6572E-8F62-4748-96C4-EB975DEAFF9E}.Debug|Any CPU.Build.0 = Debug|Any CPU
		{E5F6572E-8F62-4748-96C4-EB975DEAFF9E}.Release|Any CPU.ActiveCfg = Release|Any CPU
		{E5F6572E-8F62-4748-96C4-EB975DEAFF9E}.Release|Any CPU.Build.0 = Release|Any CPU
		{0E65244B-3040-425B-8B59-E6B366ED30BC}.Debug|Any CPU.ActiveCfg = Debug|Any CPU
		{0E65244B-3040-425B-8B59-E6B366ED30BC}.Debug|Any CPU.Build.0 = Debug|Any CPU
		{0E65244B-3040-425B-8B59-E6B366ED30BC}.Release|Any CPU.ActiveCfg = Release|Any CPU
		{0E65244B-3040-425B-8B59-E6B366ED30BC}.Release|Any CPU.Build.0 = Release|Any CPU
		{B40EF4E7-3A1D-4381-AD5D-E15F97CF3E65}.Debug|Any CPU.ActiveCfg = Debug|Any CPU
		{B40EF4E7-3A1D-4381-AD5D-E15F97CF3E65}.Debug|Any CPU.Build.0 = Debug|Any CPU
		{B40EF4E7-3A1D-4381-AD5D-E15F97CF3E65}.Release|Any CPU.ActiveCfg = Release|Any CPU
		{B40EF4E7-3A1D-4381-AD5D-E15F97CF3E65}.Release|Any CPU.Build.0 = Release|Any CPU
		{CC641567-2809-4320-BF20-EAFF72903CDC}.Debug|Any CPU.ActiveCfg = Debug|Any CPU
		{CC641567-2809-4320-BF20-EAFF72903CDC}.Debug|Any CPU.Build.0 = Debug|Any CPU
		{CC641567-2809-4320-BF20-EAFF72903CDC}.Release|Any CPU.ActiveCfg = Release|Any CPU
		{CC641567-2809-4320-BF20-EAFF72903CDC}.Release|Any CPU.Build.0 = Release|Any CPU
		{0F10D2DD-D02B-4AF6-BE4D-5F29E6442BD7}.Debug|Any CPU.ActiveCfg = Debug|Any CPU
		{0F10D2DD-D02B-4AF6-BE4D-5F29E6442BD7}.Debug|Any CPU.Build.0 = Debug|Any CPU
		{0F10D2DD-D02B-4AF6-BE4D-5F29E6442BD7}.Release|Any CPU.ActiveCfg = Release|Any CPU
		{0F10D2DD-D02B-4AF6-BE4D-5F29E6442BD7}.Release|Any CPU.Build.0 = Release|Any CPU
		{5B49A60A-C750-484B-BD6B-610D194A9CF7}.Debug|Any CPU.ActiveCfg = Debug|Any CPU
		{5B49A60A-C750-484B-BD6B-610D194A9CF7}.Debug|Any CPU.Build.0 = Debug|Any CPU
		{5B49A60A-C750-484B-BD6B-610D194A9CF7}.Release|Any CPU.ActiveCfg = Release|Any CPU
		{5B49A60A-C750-484B-BD6B-610D194A9CF7}.Release|Any CPU.Build.0 = Release|Any CPU
		{96659061-B2E2-4ABC-AA82-1781CBF711AA}.Debug|Any CPU.ActiveCfg = Debug|Any CPU
		{96659061-B2E2-4ABC-AA82-1781CBF711AA}.Debug|Any CPU.Build.0 = Debug|Any CPU
		{96659061-B2E2-4ABC-AA82-1781CBF711AA}.Release|Any CPU.ActiveCfg = Release|Any CPU
		{96659061-B2E2-4ABC-AA82-1781CBF711AA}.Release|Any CPU.Build.0 = Release|Any CPU
		{13E731EB-B3BF-493A-AF5D-A9C5CE592AB9}.Debug|Any CPU.ActiveCfg = Debug|Any CPU
		{13E731EB-B3BF-493A-AF5D-A9C5CE592AB9}.Debug|Any CPU.Build.0 = Debug|Any CPU
		{13E731EB-B3BF-493A-AF5D-A9C5CE592AB9}.Release|Any CPU.ActiveCfg = Release|Any CPU
		{13E731EB-B3BF-493A-AF5D-A9C5CE592AB9}.Release|Any CPU.Build.0 = Release|Any CPU
		{513F63DF-4307-4496-B5AB-CA3B8FF7C9C1}.Debug|Any CPU.ActiveCfg = Debug|Any CPU
		{513F63DF-4307-4496-B5AB-CA3B8FF7C9C1}.Debug|Any CPU.Build.0 = Debug|Any CPU
		{513F63DF-4307-4496-B5AB-CA3B8FF7C9C1}.Release|Any CPU.ActiveCfg = Release|Any CPU
		{513F63DF-4307-4496-B5AB-CA3B8FF7C9C1}.Release|Any CPU.Build.0 = Release|Any CPU
		{7FBD8F47-D5F3-4241-A47E-AD88AAE112E9}.Debug|Any CPU.ActiveCfg = Debug|Any CPU
		{7FBD8F47-D5F3-4241-A47E-AD88AAE112E9}.Debug|Any CPU.Build.0 = Debug|Any CPU
		{7FBD8F47-D5F3-4241-A47E-AD88AAE112E9}.Release|Any CPU.ActiveCfg = Release|Any CPU
		{7FBD8F47-D5F3-4241-A47E-AD88AAE112E9}.Release|Any CPU.Build.0 = Release|Any CPU
		{ED055694-C1B7-49A3-9D74-268C19D3FE16}.Debug|Any CPU.ActiveCfg = Debug|Any CPU
		{ED055694-C1B7-49A3-9D74-268C19D3FE16}.Debug|Any CPU.Build.0 = Debug|Any CPU
		{ED055694-C1B7-49A3-9D74-268C19D3FE16}.Release|Any CPU.ActiveCfg = Release|Any CPU
		{ED055694-C1B7-49A3-9D74-268C19D3FE16}.Release|Any CPU.Build.0 = Release|Any CPU
		{7F22D54A-2519-4527-B249-4D40F344D5F2}.Debug|Any CPU.ActiveCfg = Debug|Any CPU
		{7F22D54A-2519-4527-B249-4D40F344D5F2}.Debug|Any CPU.Build.0 = Debug|Any CPU
		{7F22D54A-2519-4527-B249-4D40F344D5F2}.Release|Any CPU.ActiveCfg = Release|Any CPU
		{7F22D54A-2519-4527-B249-4D40F344D5F2}.Release|Any CPU.Build.0 = Release|Any CPU
	EndGlobalSection
	GlobalSection(SolutionProperties) = preSolution
		HideSolutionNode = FALSE
	EndGlobalSection
	GlobalSection(NestedProjects) = preSolution
		{806E38CC-EF51-426D-8FCB-47843B7B8EDD} = {2C1D5771-7749-4846-AB57-B57287D72045}
		{FD589FA1-25A5-4C74-A98B-4D54FA3416E4} = {DCEBE074-B4D0-4F82-B27A-54A9F55707A6}
		{E5F6572E-8F62-4748-96C4-EB975DEAFF9E} = {DCEBE074-B4D0-4F82-B27A-54A9F55707A6}
		{0E65244B-3040-425B-8B59-E6B366ED30BC} = {DCEBE074-B4D0-4F82-B27A-54A9F55707A6}
		{B40EF4E7-3A1D-4381-AD5D-E15F97CF3E65} = {4419BEDF-002C-4E49-B647-594BECA5D6BA}
		{CC641567-2809-4320-BF20-EAFF72903CDC} = {4419BEDF-002C-4E49-B647-594BECA5D6BA}
		{0F10D2DD-D02B-4AF6-BE4D-5F29E6442BD7} = {4419BEDF-002C-4E49-B647-594BECA5D6BA}
		{5B49A60A-C750-484B-BD6B-610D194A9CF7} = {4419BEDF-002C-4E49-B647-594BECA5D6BA}
		{96659061-B2E2-4ABC-AA82-1781CBF711AA} = {16BC8D73-3D71-4B09-B5CC-F02237C736B7}
		{13E731EB-B3BF-493A-AF5D-A9C5CE592AB9} = {16BC8D73-3D71-4B09-B5CC-F02237C736B7}
		{513F63DF-4307-4496-B5AB-CA3B8FF7C9C1} = {16BC8D73-3D71-4B09-B5CC-F02237C736B7}
		{7FBD8F47-D5F3-4241-A47E-AD88AAE112E9} = {735910B5-34C2-4E30-822A-5655432A6CC2}
		{ED055694-C1B7-49A3-9D74-268C19D3FE16} = {4BFF7DE2-6749-4207-9823-3FD7CB174AD5}
		{7F22D54A-2519-4527-B249-4D40F344D5F2} = {94F60967-2841-4215-AA49-DB50E21A4E2F}
	EndGlobalSection
	GlobalSection(ExtensibilityGlobals) = postSolution
		SolutionGuid = {6844D110-95AB-4C6E-AB41-2A89B8F61146}
	EndGlobalSection
EndGlobal
